
Microsoft Visual Studio Solution File, Format Version 12.00
# Visual Studio Version 17
VisualStudioVersion = 17.13.35507.96 d17.13
MinimumVisualStudioVersion = 10.0.40219.1
Project("{FAE04EC0-301F-11D3-BF4B-00C04F79EFBC}") = "BlazorHybridCRUDwithSQLite", "BlazorHybridCRUDwithSQLite\BlazorHybridCRUDwithSQLite.csproj", "{A9BCBFF6-A324-4525-B627-00F561B6FB0E}"
EndProject
Global
	GlobalSection(SolutionConfigurationPlatforms) = preSolution
		Debug|Any CPU = Debug|Any CPU
		Release|Any CPU = Release|Any CPU
	EndGlobalSection
	GlobalSection(ProjectConfigurationPlatforms) = postSolution
		{A9BCBFF6-A324-4525-B627-00F561B6FB0E}.Debug|Any CPU.ActiveCfg = Debug|Any CPU
		{A9BCBFF6-A324-4525-B627-00F561B6FB0E}.Debug|Any CPU.Build.0 = Debug|Any CPU
		{A9BCBFF6-A324-4525-B627-00F561B6FB0E}.Release|Any CPU.ActiveCfg = Release|Any CPU
		{A9BCBFF6-A324-4525-B627-00F561B6FB0E}.Release|Any CPU.Build.0 = Release|Any CPU
	EndGlobalSection
	GlobalSection(SolutionProperties) = preSolution
		HideSolutionNode = FALSE
	EndGlobalSection
	GlobalSection(ExtensibilityGlobals) = postSolution
		SolutionGuid = {4791EFB3-3C1C-4839-B612-E14EB2558E19}
	EndGlobalSection
EndGlobal
